<?xml version="1.0" encoding="utf-8"?>
<Project ToolsVersion="4.0" xmlns="http://schemas.microsoft.com/developer/msbuild/2003">
  <ItemGroup>
    <Filter Include="src">
      <UniqueIdentifier>{4FC737F1-C7A5-4376-A066-2A32D752A2FF}</UniqueIdentifier>
      <Extensions>cpp;c;cc;cxx;c++;cppm;ixx;def;odl;idl;hpj;bat;asm;asmx</Extensions>
    </Filter>
    <Filter Include="src\Scene">
      <UniqueIdentifier>{1f65691c-e0b0-43a1-a3e1-6344fd93737e}</UniqueIdentifier>
    </Filter>
    <Filter Include="src\Common">
      <UniqueIdentifier>{5baa6e62-d7ad-4943-bed6-bf6c362b5ad0}</UniqueIdentifier>
    </Filter>
    <Filter Include="src\Utility">
      <UniqueIdentifier>{6606dfd5-97f8-4ea1-860e-c17fa546ee98}</UniqueIdentifier>
    </Filter>
    <Filter Include="src\Manager">
      <UniqueIdentifier>{ccae0b8f-4197-4c97-961a-a59f24340967}</UniqueIdentifier>
    </Filter>
    <Filter Include="src\Object">
      <UniqueIdentifier>{0749ef65-04a2-45ca-bdcb-c94938e61ad6}</UniqueIdentifier>
    </Filter>
  </ItemGroup>
  <ItemGroup>
    <ClCompile Include="src\main.cpp">
      <Filter>src</Filter>
    </ClCompile>
    <ClCompile Include="src\Scene\SceneBase.cpp">
      <Filter>src\Scene</Filter>
    </ClCompile>
    <ClCompile Include="src\Application.cpp">
      <Filter>src</Filter>
    </ClCompile>
    <ClCompile Include="src\Common\Fader.cpp">
      <Filter>src\Common</Filter>
    </ClCompile>
    <ClCompile Include="src\Common\Quaternion.cpp">
      <Filter>src\Common</Filter>
    </ClCompile>
    <ClCompile Include="src\Common\Vector2.cpp">
      <Filter>src\Common</Filter>
    </ClCompile>
    <ClCompile Include="src\Object\Common\AnimationController.cpp">
      <Filter>src\Common</Filter>
    </ClCompile>
    <ClCompile Include="src\Utility\MatrixUtility.cpp">
      <Filter>src\Utility</Filter>
    </ClCompile>
    <ClCompile Include="src\Utility\AsoUtility.cpp">
      <Filter>src\Utility</Filter>
    </ClCompile>
    <ClCompile Include="src\Manager\Camera.cpp">
      <Filter>src\Manager</Filter>
    </ClCompile>
    <ClCompile Include="src\Manager\InputManager.cpp">
      <Filter>src\Manager</Filter>
    </ClCompile>
    <ClCompile Include="src\Manager\MiniCamera.cpp">
      <Filter>src\Manager</Filter>
    </ClCompile>
    <ClCompile Include="src\Manager\SceneManager.cpp">
      <Filter>src\Manager</Filter>
    </ClCompile>
    <ClCompile Include="src\Scene\TitleScene.cpp">
      <Filter>src\Scene</Filter>
    </ClCompile>
    <ClCompile Include="src\Scene\GameScene.cpp">
      <Filter>src</Filter>
    </ClCompile>
    <ClCompile Include="src\Scene\ResultScene.cpp">
      <Filter>src</Filter>
    </ClCompile>
    <ClCompile Include="src\Scene\StageSelectScene.cpp">
      <Filter>src</Filter>
    </ClCompile>
    <ClCompile Include="src\Scene\TopSelectScene.cpp">
      <Filter>src</Filter>
    </ClCompile>
    <ClCompile Include="src\Common\FpsController.cpp">
      <Filter>src</Filter>
    </ClCompile>
    <ClCompile Include="src\Object\Actor\ActorBase.cpp">
      <Filter>src</Filter>
    </ClCompile>
    <ClCompile Include="src\Object\Actor\Charactor\CharactorBase.cpp">
      <Filter>src</Filter>
    </ClCompile>
    <ClCompile Include="src\Object\Common\Transform.cpp">
      <Filter>src</Filter>
    </ClCompile>
    <ClCompile Include="src\Object\Collider\ColliderBase.cpp">
      <Filter>src</Filter>
    </ClCompile>
    <ClCompile Include="src\Manager\Resource.cpp">
      <Filter>src</Filter>
    </ClCompile>
    <ClCompile Include="src\Manager\ResourceManager.cpp">
      <Filter>src</Filter>
    </ClCompile>
    <ClCompile Include="src\Object\Collider\ColliderCapsule.cpp">
      <Filter>src</Filter>
    </ClCompile>
    <ClCompile Include="src\Object\Collider\ColliderLine.cpp">
      <Filter>src</Filter>
    </ClCompile>
    <ClCompile Include="src\Object\Collider\ColliderModel.cpp">
      <Filter>src</Filter>
    </ClCompile>
    <ClCompile Include="src\Object\Collider\ColliderSphere.cpp">
      <Filter>src</Filter>
    </ClCompile>
    <ClCompile Include="src\Object\Actor\NormalStage.cpp">
      <Filter>src</Filter>
    </ClCompile>
    <ClCompile Include="src\Object\Actor\UI\UIBase.cpp">
      <Filter>src</Filter>
    </ClCompile>
    <ClCompile Include="src\Object\Actor\UI\UISurprise.cpp">
      <Filter>src</Filter>
    </ClCompile>
    <ClCompile Include="src\Object\Actor\Charactor\Player.cpp">
      <Filter>src</Filter>
    </ClCompile>
    <ClCompile Include="src\Object\Actor\Charactor\TopBase.cpp">
      <Filter>src</Filter>
    </ClCompile>
  </ItemGroup>
  <ItemGroup>
    <ClInclude Include="src\Scene\SceneBase.h">
      <Filter>src\Scene</Filter>
    </ClInclude>
    <ClInclude Include="src\Application.h">
      <Filter>src</Filter>
    </ClInclude>
    <ClInclude Include="src\Common\Fader.h">
      <Filter>src\Common</Filter>
    </ClInclude>
    <ClInclude Include="src\Common\Quaternion.h">
      <Filter>src\Common</Filter>
    </ClInclude>
    <ClInclude Include="src\Common\Vector2.h">
      <Filter>src\Common</Filter>
    </ClInclude>
    <ClInclude Include="src\Object\Common\AnimationController.h">
      <Filter>src\Common</Filter>
    </ClInclude>
    <ClInclude Include="src\Utility\MatrixUtility.h">
      <Filter>src\Utility</Filter>
    </ClInclude>
    <ClInclude Include="src\Utility\AsoUtility.h">
      <Filter>src\Utility</Filter>
    </ClInclude>
    <ClInclude Include="src\Manager\Camera.h">
      <Filter>src\Manager</Filter>
    </ClInclude>
    <ClInclude Include="src\Manager\InputManager.h">
      <Filter>src\Manager</Filter>
    </ClInclude>
    <ClInclude Include="src\Manager\MiniCamera.h">
      <Filter>src\Manager</Filter>
    </ClInclude>
    <ClInclude Include="src\Manager\SceneManager.h">
      <Filter>src\Manager</Filter>
    </ClInclude>
    <ClInclude Include="src\Scene\TitleScene.h">
      <Filter>src\Scene</Filter>
    </ClInclude>
    <ClInclude Include="src\Scene\GameScene.h" />
    <ClInclude Include="src\Scene\ResultScene.h" />
    <ClInclude Include="src\Scene\StageSelectScene.h" />
    <ClInclude Include="src\Scene\TopSelectScene.h" />
    <ClInclude Include="src\Common\FpsController.h" />
    <ClInclude Include="src\Object\Actor\ActorBase.h" />
    <ClInclude Include="src\Object\Actor\Charactor\CharactorBase.h" />
    <ClInclude Include="src\Object\Common\Transform.h" />
    <ClInclude Include="src\Object\Collider\ColliderBase.h" />
    <ClInclude Include="src\Manager\Resource.h" />
    <ClInclude Include="src\Manager\ResourceManager.h" />
    <ClInclude Include="src\Object\Collider\ColliderCapsule.h" />
    <ClInclude Include="src\Object\Collider\ColliderLine.h" />
    <ClInclude Include="src\Object\Collider\ColliderModel.h" />
    <ClInclude Include="src\Object\Collider\ColliderSphere.h" />
    <ClInclude Include="src\Object\Actor\NormalStage.h" />
    <ClInclude Include="src\Object\Actor\UI\UIBase.h" />
    <ClInclude Include="src\Object\Actor\UI\UISurprise.h" />
    <ClInclude Include="src\Object\Actor\Charactor\Player.h" />
    <ClInclude Include="src\Object\Actor\Charactor\TopBase.h" />
  </ItemGroup>
</Project>